
Microsoft Visual Studio Solution File, Format Version 12.00
# Visual Studio Version 17
VisualStudioVersion = 17.5.002.0
MinimumVisualStudioVersion = 10.0.40219.1
Project("{9A19103F-16F7-4668-BE54-9A1E7A4F7556}") = "ClassLibrarySubModule", "ClassLibrarySubModule.csproj", "{D8CE21F4-B4EB-4234-A1F0-363FCD514ED5}"
EndProject
Global
	GlobalSection(SolutionConfigurationPlatforms) = preSolution
		Debug|Any CPU = Debug|Any CPU
		Release|Any CPU = Release|Any CPU
	EndGlobalSection
	GlobalSection(ProjectConfigurationPlatforms) = postSolution
		{D8CE21F4-B4EB-4234-A1F0-363FCD514ED5}.Debug|Any CPU.ActiveCfg = Debug|Any CPU
		{D8CE21F4-B4EB-4234-A1F0-363FCD514ED5}.Debug|Any CPU.Build.0 = Debug|Any CPU
		{D8CE21F4-B4EB-4234-A1F0-363FCD514ED5}.Release|Any CPU.ActiveCfg = Release|Any CPU
		{D8CE21F4-B4EB-4234-A1F0-363FCD514ED5}.Release|Any CPU.Build.0 = Release|Any CPU
	EndGlobalSection
	GlobalSection(SolutionProperties) = preSolution
		HideSolutionNode = FALSE
	EndGlobalSection
	GlobalSection(ExtensibilityGlobals) = postSolution
		SolutionGuid = {981063B1-C48C-4198-A30B-1ED0E1D8B6A0}
	EndGlobalSection
EndGlobal
